// !$*UTF8*$!
{
	archiveVersion = 1;
	classes = {
	};
	objectVersion = 46;
	objects = {

/* Begin PBXBuildFile section */
		0451558A1B0AC7FA00975A4E /* User.m in Sources */ = {isa = PBXBuildFile; fileRef = 045155891B0AC7FA00975A4E /* User.m */; };
		0451558D1B0AC88500975A4E /* Book.m in Sources */ = {isa = PBXBuildFile; fileRef = 0451558C1B0AC88500975A4E /* Book.m */; };
		045155901B0AC8B900975A4E /* ContainBook.m in Sources */ = {isa = PBXBuildFile; fileRef = 0451558F1B0AC8B900975A4E /* ContainBook.m */; };
		045155961B0ACAC800975A4E /* CategoryBook.m in Sources */ = {isa = PBXBuildFile; fileRef = 045155951B0ACAC800975A4E /* CategoryBook.m */; };
		CE5E9DB31B09E1620068B00C /* main.m in Sources */ = {isa = PBXBuildFile; fileRef = CE5E9DB21B09E1620068B00C /* main.m */; };
		CE5E9DB61B09E1620068B00C /* AppDelegate.m in Sources */ = {isa = PBXBuildFile; fileRef = CE5E9DB51B09E1620068B00C /* AppDelegate.m */; };
		CE5E9DB91B09E1620068B00C /* ViewController.m in Sources */ = {isa = PBXBuildFile; fileRef = CE5E9DB81B09E1620068B00C /* ViewController.m */; };
		CE5E9DBC1B09E1620068B00C /* Main.storyboard in Resources */ = {isa = PBXBuildFile; fileRef = CE5E9DBA1B09E1620068B00C /* Main.storyboard */; };
		CE5E9DBE1B09E1620068B00C /* Images.xcassets in Resources */ = {isa = PBXBuildFile; fileRef = CE5E9DBD1B09E1620068B00C /* Images.xcassets */; };
		CE5E9DC11B09E1620068B00C /* LaunchScreen.xib in Resources */ = {isa = PBXBuildFile; fileRef = CE5E9DBF1B09E1620068B00C /* LaunchScreen.xib */; };
		CE5E9DCD1B09E1620068B00C /* BookSpeedTests.m in Sources */ = {isa = PBXBuildFile; fileRef = CE5E9DCC1B09E1620068B00C /* BookSpeedTests.m */; };
		CE6BF91F1B0ACB9C006F2843 /* LoginControllerViewController.m in Sources */ = {isa = PBXBuildFile; fileRef = CE6BF91D1B0ACB9C006F2843 /* LoginControllerViewController.m */; };
		CE6BF9201B0ACB9C006F2843 /* LoginControllerViewController.xib in Resources */ = {isa = PBXBuildFile; fileRef = CE6BF91E1B0ACB9C006F2843 /* LoginControllerViewController.xib */; };
/* End PBXBuildFile section */

/* Begin PBXContainerItemProxy section */
		CE5E9DC71B09E1620068B00C /* PBXContainerItemProxy */ = {
			isa = PBXContainerItemProxy;
			containerPortal = CE5E9DA51B09E1620068B00C /* Project object */;
			proxyType = 1;
			remoteGlobalIDString = CE5E9DAC1B09E1620068B00C;
			remoteInfo = BookSpeed;
		};
/* End PBXContainerItemProxy section */

/* Begin PBXFileReference section */
		045155881B0AC7FA00975A4E /* User.h */ = {isa = PBXFileReference; fileEncoding = 4; lastKnownFileType = sourcecode.c.h; path = User.h; sourceTree = "<group>"; };
		045155891B0AC7FA00975A4E /* User.m */ = {isa = PBXFileReference; fileEncoding = 4; lastKnownFileType = sourcecode.c.objc; path = User.m; sourceTree = "<group>"; };
		0451558B1B0AC88500975A4E /* Book.h */ = {isa = PBXFileReference; fileEncoding = 4; lastKnownFileType = sourcecode.c.h; path = Book.h; sourceTree = "<group>"; };
		0451558C1B0AC88500975A4E /* Book.m */ = {isa = PBXFileReference; fileEncoding = 4; lastKnownFileType = sourcecode.c.objc; path = Book.m; sourceTree = "<group>"; };
		0451558E1B0AC8B900975A4E /* ContainBook.h */ = {isa = PBXFileReference; fileEncoding = 4; lastKnownFileType = sourcecode.c.h; path = ContainBook.h; sourceTree = "<group>"; };
		0451558F1B0AC8B900975A4E /* ContainBook.m */ = {isa = PBXFileReference; fileEncoding = 4; lastKnownFileType = sourcecode.c.objc; path = ContainBook.m; sourceTree = "<group>"; };
		045155941B0ACAC800975A4E /* CategoryBook.h */ = {isa = PBXFileReference; fileEncoding = 4; lastKnownFileType = sourcecode.c.h; path = CategoryBook.h; sourceTree = "<group>"; };
		045155951B0ACAC800975A4E /* CategoryBook.m */ = {isa = PBXFileReference; fileEncoding = 4; lastKnownFileType = sourcecode.c.objc; path = CategoryBook.m; sourceTree = "<group>"; };
		CE5E9DAD1B09E1620068B00C /* BookSpeed.app */ = {isa = PBXFileReference; explicitFileType = wrapper.application; includeInIndex = 0; path = BookSpeed.app; sourceTree = BUILT_PRODUCTS_DIR; };
		CE5E9DB11B09E1620068B00C /* Info.plist */ = {isa = PBXFileReference; lastKnownFileType = text.plist.xml; path = Info.plist; sourceTree = "<group>"; };
		CE5E9DB21B09E1620068B00C /* main.m */ = {isa = PBXFileReference; lastKnownFileType = sourcecode.c.objc; path = main.m; sourceTree = "<group>"; };
		CE5E9DB41B09E1620068B00C /* AppDelegate.h */ = {isa = PBXFileReference; lastKnownFileType = sourcecode.c.h; path = AppDelegate.h; sourceTree = "<group>"; };
		CE5E9DB51B09E1620068B00C /* AppDelegate.m */ = {isa = PBXFileReference; lastKnownFileType = sourcecode.c.objc; path = AppDelegate.m; sourceTree = "<group>"; };
		CE5E9DB71B09E1620068B00C /* ViewController.h */ = {isa = PBXFileReference; lastKnownFileType = sourcecode.c.h; path = ViewController.h; sourceTree = "<group>"; };
		CE5E9DB81B09E1620068B00C /* ViewController.m */ = {isa = PBXFileReference; lastKnownFileType = sourcecode.c.objc; path = ViewController.m; sourceTree = "<group>"; };
		CE5E9DBB1B09E1620068B00C /* Base */ = {isa = PBXFileReference; lastKnownFileType = file.storyboard; name = Base; path = Base.lproj/Main.storyboard; sourceTree = "<group>"; };
		CE5E9DBD1B09E1620068B00C /* Images.xcassets */ = {isa = PBXFileReference; lastKnownFileType = folder.assetcatalog; path = Images.xcassets; sourceTree = "<group>"; };
		CE5E9DC01B09E1620068B00C /* Base */ = {isa = PBXFileReference; lastKnownFileType = file.xib; name = Base; path = Base.lproj/LaunchScreen.xib; sourceTree = "<group>"; };
		CE5E9DC61B09E1620068B00C /* BookSpeedTests.xctest */ = {isa = PBXFileReference; explicitFileType = wrapper.cfbundle; includeInIndex = 0; path = BookSpeedTests.xctest; sourceTree = BUILT_PRODUCTS_DIR; };
		CE5E9DCB1B09E1620068B00C /* Info.plist */ = {isa = PBXFileReference; lastKnownFileType = text.plist.xml; path = Info.plist; sourceTree = "<group>"; };
		CE5E9DCC1B09E1620068B00C /* BookSpeedTests.m */ = {isa = PBXFileReference; lastKnownFileType = sourcecode.c.objc; path = BookSpeedTests.m; sourceTree = "<group>"; };
		CE6BF91C1B0ACB9C006F2843 /* LoginControllerViewController.h */ = {isa = PBXFileReference; fileEncoding = 4; lastKnownFileType = sourcecode.c.h; path = LoginControllerViewController.h; sourceTree = "<group>"; };
		CE6BF91D1B0ACB9C006F2843 /* LoginControllerViewController.m */ = {isa = PBXFileReference; fileEncoding = 4; lastKnownFileType = sourcecode.c.objc; path = LoginControllerViewController.m; sourceTree = "<group>"; };
		CE6BF91E1B0ACB9C006F2843 /* LoginControllerViewController.xib */ = {isa = PBXFileReference; fileEncoding = 4; lastKnownFileType = file.xib; path = LoginControllerViewController.xib; sourceTree = "<group>"; };
/* End PBXFileReference section */

/* Begin PBXFrameworksBuildPhase section */
		CE5E9DAA1B09E1620068B00C /* Frameworks */ = {
			isa = PBXFrameworksBuildPhase;
			buildActionMask = 2147483647;
			files = (
			);
			runOnlyForDeploymentPostprocessing = 0;
		};
		CE5E9DC31B09E1620068B00C /* Frameworks */ = {
			isa = PBXFrameworksBuildPhase;
			buildActionMask = 2147483647;
			files = (
			);
			runOnlyForDeploymentPostprocessing = 0;
		};
/* End PBXFrameworksBuildPhase section */

/* Begin PBXGroup section */
		045155841B0AC78300975A4E /* Resource */ = {
			isa = PBXGroup;
			children = (
				045155871B0AC7AB00975A4E /* Image */,
				045155851B0AC79D00975A4E /* Object */,
			);
			name = Resource;
			sourceTree = "<group>";
		};
		045155851B0AC79D00975A4E /* Object */ = {
			isa = PBXGroup;
			children = (
				045155881B0AC7FA00975A4E /* User.h */,
				045155891B0AC7FA00975A4E /* User.m */,
				0451558B1B0AC88500975A4E /* Book.h */,
				0451558C1B0AC88500975A4E /* Book.m */,
				0451558E1B0AC8B900975A4E /* ContainBook.h */,
				0451558F1B0AC8B900975A4E /* ContainBook.m */,
				045155941B0ACAC800975A4E /* CategoryBook.h */,
				045155951B0ACAC800975A4E /* CategoryBook.m */,
			);
			name = Object;
			sourceTree = "<group>";
		};
		045155871B0AC7AB00975A4E /* Image */ = {
			isa = PBXGroup;
			children = (
			);
			name = Image;
			sourceTree = "<group>";
		};
		CE5E9DA41B09E1620068B00C = {
			isa = PBXGroup;
			children = (
				CE5E9DAF1B09E1620068B00C /* BookSpeed */,
				CE5E9DC91B09E1620068B00C /* BookSpeedTests */,
				CE5E9DAE1B09E1620068B00C /* Products */,
			);
			sourceTree = "<group>";
		};
		CE5E9DAE1B09E1620068B00C /* Products */ = {
			isa = PBXGroup;
			children = (
				CE5E9DAD1B09E1620068B00C /* BookSpeed.app */,
				CE5E9DC61B09E1620068B00C /* BookSpeedTests.xctest */,
			);
			name = Products;
			sourceTree = "<group>";
		};
		CE5E9DAF1B09E1620068B00C /* BookSpeed */ = {
			isa = PBXGroup;
			children = (
				045155841B0AC78300975A4E /* Resource */,
				CE5E9DB41B09E1620068B00C /* AppDelegate.h */,
				CE5E9DB51B09E1620068B00C /* AppDelegate.m */,
				CE5E9DB71B09E1620068B00C /* ViewController.h */,
				CE5E9DB81B09E1620068B00C /* ViewController.m */,
				CE5E9DBA1B09E1620068B00C /* Main.storyboard */,
				CE5E9DBD1B09E1620068B00C /* Images.xcassets */,
				CE5E9DBF1B09E1620068B00C /* LaunchScreen.xib */,
				CE5E9DB01B09E1620068B00C /* Supporting Files */,
				CE6BF91C1B0ACB9C006F2843 /* LoginControllerViewController.h */,
				CE6BF91D1B0ACB9C006F2843 /* LoginControllerViewController.m */,
				CE6BF91E1B0ACB9C006F2843 /* LoginControllerViewController.xib */,
			);
			path = BookSpeed;
			sourceTree = "<group>";
		};
		CE5E9DB01B09E1620068B00C /* Supporting Files */ = {
			isa = PBXGroup;
			children = (
				CE5E9DB11B09E1620068B00C /* Info.plist */,
				CE5E9DB21B09E1620068B00C /* main.m */,
			);
			name = "Supporting Files";
			sourceTree = "<group>";
		};
		CE5E9DC91B09E1620068B00C /* BookSpeedTests */ = {
			isa = PBXGroup;
			children = (
				CE5E9DCC1B09E1620068B00C /* BookSpeedTests.m */,
				CE5E9DCA1B09E1620068B00C /* Supporting Files */,
			);
			path = BookSpeedTests;
			sourceTree = "<group>";
		};
		CE5E9DCA1B09E1620068B00C /* Supporting Files */ = {
			isa = PBXGroup;
			children = (
				CE5E9DCB1B09E1620068B00C /* Info.plist */,
			);
			name = "Supporting Files";
			sourceTree = "<group>";
		};
/* End PBXGroup section */

/* Begin PBXNativeTarget section */
		CE5E9DAC1B09E1620068B00C /* BookSpeed */ = {
			isa = PBXNativeTarget;
			buildConfigurationList = CE5E9DD01B09E1620068B00C /* Build configuration list for PBXNativeTarget "BookSpeed" */;
			buildPhases = (
				CE5E9DA91B09E1620068B00C /* Sources */,
				CE5E9DAA1B09E1620068B00C /* Frameworks */,
				CE5E9DAB1B09E1620068B00C /* Resources */,
			);
			buildRules = (
			);
			dependencies = (
			);
			name = BookSpeed;
			productName = BookSpeed;
			productReference = CE5E9DAD1B09E1620068B00C /* BookSpeed.app */;
			productType = "com.apple.product-type.application";
		};
		CE5E9DC51B09E1620068B00C /* BookSpeedTests */ = {
			isa = PBXNativeTarget;
			buildConfigurationList = CE5E9DD31B09E1620068B00C /* Build configuration list for PBXNativeTarget "BookSpeedTests" */;
			buildPhases = (
				CE5E9DC21B09E1620068B00C /* Sources */,
				CE5E9DC31B09E1620068B00C /* Frameworks */,
				CE5E9DC41B09E1620068B00C /* Resources */,
			);
			buildRules = (
			);
			dependencies = (
				CE5E9DC81B09E1620068B00C /* PBXTargetDependency */,
			);
			name = BookSpeedTests;
			productName = BookSpeedTests;
			productReference = CE5E9DC61B09E1620068B00C /* BookSpeedTests.xctest */;
			productType = "com.apple.product-type.bundle.unit-test";
		};
/* End PBXNativeTarget section */

/* Begin PBXProject section */
		CE5E9DA51B09E1620068B00C /* Project object */ = {
			isa = PBXProject;
			attributes = {
				LastUpgradeCheck = 0610;
				ORGANIZATIONNAME = FPTsoft;
				TargetAttributes = {
					CE5E9DAC1B09E1620068B00C = {
						CreatedOnToolsVersion = 6.1;
					};
					CE5E9DC51B09E1620068B00C = {
						CreatedOnToolsVersion = 6.1;
						TestTargetID = CE5E9DAC1B09E1620068B00C;
					};
				};
			};
			buildConfigurationList = CE5E9DA81B09E1620068B00C /* Build configuration list for PBXProject "BookSpeed" */;
			compatibilityVersion = "Xcode 3.2";
			developmentRegion = English;
			hasScannedForEncodings = 0;
			knownRegions = (
				en,
				Base,
			);
			mainGroup = CE5E9DA41B09E1620068B00C;
			productRefGroup = CE5E9DAE1B09E1620068B00C /* Products */;
			projectDirPath = "";
			projectRoot = "";
			targets = (
				CE5E9DAC1B09E1620068B00C /* BookSpeed */,
				CE5E9DC51B09E1620068B00C /* BookSpeedTests */,
			);
		};
/* End PBXProject section */

/* Begin PBXResourcesBuildPhase section */
		CE5E9DAB1B09E1620068B00C /* Resources */ = {
			isa = PBXResourcesBuildPhase;
			buildActionMask = 2147483647;
			files = (
				CE5E9DBC1B09E1620068B00C /* Main.storyboard in Resources */,
				CE5E9DC11B09E1620068B00C /* LaunchScreen.xib in Resources */,
				CE6BF9201B0ACB9C006F2843 /* LoginControllerViewController.xib in Resources */,
				CE5E9DBE1B09E1620068B00C /* Images.xcassets in Resources */,
			);
			runOnlyForDeploymentPostprocessing = 0;
		};
		CE5E9DC41B09E1620068B00C /* Resources */ = {
			isa = PBXResourcesBuildPhase;
			buildActionMask = 2147483647;
			files = (
			);
			runOnlyForDeploymentPostprocessing = 0;
		};
/* End PBXResourcesBuildPhase section */

/* Begin PBXSourcesBuildPhase section */
		CE5E9DA91B09E1620068B00C /* Sources */ = {
			isa = PBXSourcesBuildPhase;
			buildActionMask = 2147483647;
			files = (
				0451558D1B0AC88500975A4E /* Book.m in Sources */,
				0451558A1B0AC7FA00975A4E /* User.m in Sources */,
				CE5E9DB91B09E1620068B00C /* ViewController.m in Sources */,
				045155961B0ACAC800975A4E /* CategoryBook.m in Sources */,
				045155901B0AC8B900975A4E /* ContainBook.m in Sources */,
				CE5E9DB61B09E1620068B00C /* AppDelegate.m in Sources */,
				CE6BF91F1B0ACB9C006F2843 /* LoginControllerViewController.m in Sources */,
				CE5E9DB31B09E1620068B00C /* main.m in Sources */,
			);
			runOnlyForDeploymentPostprocessing = 0;
		};
		CE5E9DC21B09E1620068B00C /* Sources */ = {
			isa = PBXSourcesBuildPhase;
			buildActionMask = 2147483647;
			files = (
				CE5E9DCD1B09E1620068B00C /* BookSpeedTests.m in Sources */,
			);
			runOnlyForDeploymentPostprocessing = 0;
		};
/* End PBXSourcesBuildPhase section */

/* Begin PBXTargetDependency section */
		CE5E9DC81B09E1620068B00C /* PBXTargetDependency */ = {
			isa = PBXTargetDependency;
			target = CE5E9DAC1B09E1620068B00C /* BookSpeed */;
			targetProxy = CE5E9DC71B09E1620068B00C /* PBXContainerItemProxy */;
		};
/* End PBXTargetDependency section */

/* Begin PBXVariantGroup section */
		CE5E9DBA1B09E1620068B00C /* Main.storyboard */ = {
			isa = PBXVariantGroup;
			children = (
				CE5E9DBB1B09E1620068B00C /* Base */,
			);
			name = Main.storyboard;
			sourceTree = "<group>";
		};
		CE5E9DBF1B09E1620068B00C /* LaunchScreen.xib */ = {
			isa = PBXVariantGroup;
			children = (
				CE5E9DC01B09E1620068B00C /* Base */,
			);
			name = LaunchScreen.xib;
			sourceTree = "<group>";
		};
/* End PBXVariantGroup section */

/* Begin XCBuildConfiguration section */
		CE5E9DCE1B09E1620068B00C /* Debug */ = {
			isa = XCBuildConfiguration;
			buildSettings = {
				ALWAYS_SEARCH_USER_PATHS = NO;
				CLANG_CXX_LANGUAGE_STANDARD = "gnu++0x";
				CLANG_CXX_LIBRARY = "libc++";
				CLANG_ENABLE_MODULES = YES;
				CLANG_ENABLE_OBJC_ARC = YES;
				CLANG_WARN_BOOL_CONVERSION = YES;
				CLANG_WARN_CONSTANT_CONVERSION = YES;
				CLANG_WARN_DIRECT_OBJC_ISA_USAGE = YES_ERROR;
				CLANG_WARN_EMPTY_BODY = YES;
				CLANG_WARN_ENUM_CONVERSION = YES;
				CLANG_WARN_INT_CONVERSION = YES;
				CLANG_WARN_OBJC_ROOT_CLASS = YES_ERROR;
				CLANG_WARN_UNREACHABLE_CODE = YES;
				CLANG_WARN__DUPLICATE_METHOD_MATCH = YES;
				"CODE_SIGN_IDENTITY[sdk=iphoneos*]" = "iPhone Developer";
				COPY_PHASE_STRIP = NO;
				ENABLE_STRICT_OBJC_MSGSEND = YES;
				GCC_C_LANGUAGE_STANDARD = gnu99;
				GCC_DYNAMIC_NO_PIC = NO;
				GCC_OPTIMIZATION_LEVEL = 0;
				GCC_PREPROCESSOR_DEFINITIONS = (
					"DEBUG=1",
					"$(inherited)",
				);
				GCC_SYMBOLS_PRIVATE_EXTERN = NO;
				GCC_WARN_64_TO_32_BIT_CONVERSION = YES;
				GCC_WARN_ABOUT_RETURN_TYPE = YES_ERROR;
				GCC_WARN_UNDECLARED_SELECTOR = YES;
				GCC_WARN_UNINITIALIZED_AUTOS = YES_AGGRESSIVE;
				GCC_WARN_UNUSED_FUNCTION = YES;
				GCC_WARN_UNUSED_VARIABLE = YES;
				IPHONEOS_DEPLOYMENT_TARGET = 8.1;
				MTL_ENABLE_DEBUG_INFO = YES;
				ONLY_ACTIVE_ARCH = YES;
				SDKROOT = iphoneos;
			};
			name = Debug;
		};
		CE5E9DCF1B09E1620068B00C /* Release */ = {
			isa = XCBuildConfiguration;
			buildSettings = {
				ALWAYS_SEARCH_USER_PATHS = NO;
				CLANG_CXX_LANGUAGE_STANDARD = "gnu++0x";
				CLANG_CXX_LIBRARY = "libc++";
				CLANG_ENABLE_MODULES = YES;
				CLANG_ENABLE_OBJC_ARC = YES;
				CLANG_WARN_BOOL_CONVERSION = YES;
				CLANG_WARN_CONSTANT_CONVERSION = YES;
				CLANG_WARN_DIRECT_OBJC_ISA_USAGE = YES_ERROR;
				CLANG_WARN_EMPTY_BODY = YES;
				CLANG_WARN_ENUM_CONVERSION = YES;
				CLANG_WARN_INT_CONVERSION = YES;
				CLANG_WARN_OBJC_ROOT_CLASS = YES_ERROR;
				CLANG_WARN_UNREACHABLE_CODE = YES;
				CLANG_WARN__DUPLICATE_METHOD_MATCH = YES;
				"CODE_SIGN_IDENTITY[sdk=iphoneos*]" = "iPhone Developer";
				COPY_PHASE_STRIP = YES;
				ENABLE_NS_ASSERTIONS = NO;
				ENABLE_STRICT_OBJC_MSGSEND = YES;
				GCC_C_LANGUAGE_STANDARD = gnu99;
				GCC_WARN_64_TO_32_BIT_CONVERSION = YES;
				GCC_WARN_ABOUT_RETURN_TYPE = YES_ERROR;
				GCC_WARN_UNDECLARED_SELECTOR = YES;
				GCC_WARN_UNINITIALIZED_AUTOS = YES_AGGRESSIVE;
				GCC_WARN_UNUSED_FUNCTION = YES;
				GCC_WARN_UNUSED_VARIABLE = YES;
				IPHONEOS_DEPLOYMENT_TARGET = 8.1;
				MTL_ENABLE_DEBUG_INFO = NO;
				SDKROOT = iphoneos;
				VALIDATE_PRODUCT = YES;
			};
			name = Release;
		};
		CE5E9DD11B09E1620068B00C /* Debug */ = {
			isa = XCBuildConfiguration;
			buildSettings = {
				ASSETCATALOG_COMPILER_APPICON_NAME = AppIcon;
				INFOPLIST_FILE = BookSpeed/Info.plist;
				LD_RUNPATH_SEARCH_PATHS = "$(inherited) @executable_path/Frameworks";
				PRODUCT_NAME = "$(TARGET_NAME)";
			};
			name = Debug;
		};
		CE5E9DD21B09E1620068B00C /* Release */ = {
			isa = XCBuildConfiguration;
			buildSettings = {
				ASSETCATALOG_COMPILER_APPICON_NAME = AppIcon;
				INFOPLIST_FILE = BookSpeed/Info.plist;
				LD_RUNPATH_SEARCH_PATHS = "$(inherited) @executable_path/Frameworks";
				PRODUCT_NAME = "$(TARGET_NAME)";
			};
			name = Release;
		};
		CE5E9DD41B09E1620068B00C /* Debug */ = {
			isa = XCBuildConfiguration;
			buildSettings = {
				BUNDLE_LOADER = "$(TEST_HOST)";
				FRAMEWORK_SEARCH_PATHS = (
					"$(SDKROOT)/Developer/Library/Frameworks",
					"$(inherited)",
				);
				GCC_PREPROCESSOR_DEFINITIONS = (
					"DEBUG=1",
					"$(inherited)",
				);
				INFOPLIST_FILE = BookSpeedTests/Info.plist;
				LD_RUNPATH_SEARCH_PATHS = "$(inherited) @executable_path/Frameworks @loader_path/Frameworks";
				PRODUCT_NAME = "$(TARGET_NAME)";
				TEST_HOST = "$(BUILT_PRODUCTS_DIR)/BookSpeed.app/BookSpeed";
			};
			name = Debug;
		};
		CE5E9DD51B09E1620068B00C /* Release */ = {
			isa = XCBuildConfiguration;
			buildSettings = {
				BUNDLE_LOADER = "$(TEST_HOST)";
				FRAMEWORK_SEARCH_PATHS = (
					"$(SDKROOT)/Developer/Library/Frameworks",
					"$(inherited)",
				);
				INFOPLIST_FILE = BookSpeedTests/Info.plist;
				LD_RUNPATH_SEARCH_PATHS = "$(inherited) @executable_path/Frameworks @loader_path/Frameworks";
				PRODUCT_NAME = "$(TARGET_NAME)";
				TEST_HOST = "$(BUILT_PRODUCTS_DIR)/BookSpeed.app/BookSpeed";
			};
			name = Release;
		};
/* End XCBuildConfiguration section */

/* Begin XCConfigurationList section */
		CE5E9DA81B09E1620068B00C /* Build configuration list for PBXProject "BookSpeed" */ = {
			isa = XCConfigurationList;
			buildConfigurations = (
				CE5E9DCE1B09E1620068B00C /* Debug */,
				CE5E9DCF1B09E1620068B00C /* Release */,
			);
			defaultConfigurationIsVisible = 0;
			defaultConfigurationName = Release;
		};
		CE5E9DD01B09E1620068B00C /* Build configuration list for PBXNativeTarget "BookSpeed" */ = {
			isa = XCConfigurationList;
			buildConfigurations = (
				CE5E9DD11B09E1620068B00C /* Debug */,
				CE5E9DD21B09E1620068B00C /* Release */,
			);
			defaultConfigurationIsVisible = 0;
			defaultConfigurationName = Release;
		};
		CE5E9DD31B09E1620068B00C /* Build configuration list for PBXNativeTarget "BookSpeedTests" */ = {
			isa = XCConfigurationList;
			buildConfigurations = (
				CE5E9DD41B09E1620068B00C /* Debug */,
				CE5E9DD51B09E1620068B00C /* Release */,
			);
			defaultConfigurationIsVisible = 0;
			defaultConfigurationName = Release;
		};
/* End XCConfigurationList section */
	};
	rootObject = CE5E9DA51B09E1620068B00C /* Project object */;
}
